
Microsoft Visual Studio Solution File, Format Version 12.00
# Visual Studio Version 17
VisualStudioVersion = 17.13.35825.156
MinimumVisualStudioVersion = 10.0.40219.1
Project("{FAE04EC0-301F-11D3-BF4B-00C04F79EFBC}") = "MauiWithBackend.Backend", "MauiWithBackend.Backend\MauiWithBackend.Backend.csproj", "{E1D1A6DB-D367-6BFE-2748-C3075F6D0CE3}"
EndProject
Project("{FAE04EC0-301F-11D3-BF4B-00C04F79EFBC}") = "MauiWithBackend.Frontend", "MauiWithBackend.Frontend\MauiWithBackend.Frontend.csproj", "{95DA1F04-6B04-F08A-888A-8A4506956712}"
EndProject
Project("{FAE04EC0-301F-11D3-BF4B-00C04F79EFBC}") = "MauiWithBackend.Integration", "MauiWithBackend.Integration\MauiWithBackend.Integration.csproj", "{B7C22C7A-A481-64B3-10F0-70141584BB0F}"
EndProject
Project("{FAE04EC0-301F-11D3-BF4B-00C04F79EFBC}") = "MauiWithBackend.Backend.Test", "MauiWithBackend.Backend.Test\MauiWithBackend.Backend.Test.csproj", "{C9A95C86-326C-46B0-A9CF-ACC03F0BCBC8}"
EndProject
Global
	GlobalSection(SolutionConfigurationPlatforms) = preSolution
		Debug|Any CPU = Debug|Any CPU
		Release|Any CPU = Release|Any CPU
	EndGlobalSection
	GlobalSection(ProjectConfigurationPlatforms) = postSolution
		{E1D1A6DB-D367-6BFE-2748-C3075F6D0CE3}.Debug|Any CPU.ActiveCfg = Debug|Any CPU
		{E1D1A6DB-D367-6BFE-2748-C3075F6D0CE3}.Debug|Any CPU.Build.0 = Debug|Any CPU
		{E1D1A6DB-D367-6BFE-2748-C3075F6D0CE3}.Release|Any CPU.ActiveCfg = Release|Any CPU
		{E1D1A6DB-D367-6BFE-2748-C3075F6D0CE3}.Release|Any CPU.Build.0 = Release|Any CPU
		{95DA1F04-6B04-F08A-888A-8A4506956712}.Debug|Any CPU.ActiveCfg = Debug|Any CPU
		{95DA1F04-6B04-F08A-888A-8A4506956712}.Debug|Any CPU.Build.0 = Debug|Any CPU
		{95DA1F04-6B04-F08A-888A-8A4506956712}.Release|Any CPU.ActiveCfg = Release|Any CPU
		{95DA1F04-6B04-F08A-888A-8A4506956712}.Release|Any CPU.Build.0 = Release|Any CPU
		{B7C22C7A-A481-64B3-10F0-70141584BB0F}.Debug|Any CPU.ActiveCfg = Debug|Any CPU
		{B7C22C7A-A481-64B3-10F0-70141584BB0F}.Debug|Any CPU.Build.0 = Debug|Any CPU
		{B7C22C7A-A481-64B3-10F0-70141584BB0F}.Release|Any CPU.ActiveCfg = Release|Any CPU
		{B7C22C7A-A481-64B3-10F0-70141584BB0F}.Release|Any CPU.Build.0 = Release|Any CPU
		{C9A95C86-326C-46B0-A9CF-ACC03F0BCBC8}.Debug|Any CPU.ActiveCfg = Debug|Any CPU
		{C9A95C86-326C-46B0-A9CF-ACC03F0BCBC8}.Debug|Any CPU.Build.0 = Debug|Any CPU
		{C9A95C86-326C-46B0-A9CF-ACC03F0BCBC8}.Release|Any CPU.ActiveCfg = Release|Any CPU
		{C9A95C86-326C-46B0-A9CF-ACC03F0BCBC8}.Release|Any CPU.Build.0 = Release|Any CPU
	EndGlobalSection
	GlobalSection(SolutionProperties) = preSolution
		HideSolutionNode = FALSE
	EndGlobalSection
	GlobalSection(ExtensibilityGlobals) = postSolution
		SolutionGuid = {C9F6A95B-8920-42B6-B96A-8897CE5D5082}
	EndGlobalSection
EndGlobal
